
Microsoft Visual Studio Solution File, Format Version 12.00
# Visual Studio Version 17
VisualStudioVersion = 17.4.33205.214
MinimumVisualStudioVersion = 10.0.40219.1
Project("{FAE04EC0-301F-11D3-BF4B-00C04F79EFBC}") = "OefenProject", "OefenProject\OefenProject.csproj", "{4CB04307-F062-4A52-8ED8-52B2B37876B6}"
EndProject
Global
	GlobalSection(SolutionConfigurationPlatforms) = preSolution
		Debug|Any CPU = Debug|Any CPU
		Release|Any CPU = Release|Any CPU
	EndGlobalSection
	GlobalSection(ProjectConfigurationPlatforms) = postSolution
		{4CB04307-F062-4A52-8ED8-52B2B37876B6}.Debug|Any CPU.ActiveCfg = Debug|Any CPU
		{4CB04307-F062-4A52-8ED8-52B2B37876B6}.Debug|Any CPU.Build.0 = Debug|Any CPU
		{4CB04307-F062-4A52-8ED8-52B2B37876B6}.Release|Any CPU.ActiveCfg = Release|Any CPU
		{4CB04307-F062-4A52-8ED8-52B2B37876B6}.Release|Any CPU.Build.0 = Release|Any CPU
	EndGlobalSection
	GlobalSection(SolutionProperties) = preSolution
		HideSolutionNode = FALSE
	EndGlobalSection
	GlobalSection(ExtensibilityGlobals) = postSolution
		SolutionGuid = {1E441061-D780-48EA-A0B3-5965A10C9941}
	EndGlobalSection
EndGlobal
